// !$*UTF8*$!
{
	archiveVersion = 1;
	classes = {
	};
	objectVersion = 77;
	objects = {

/* Begin PBXBuildFile section */
		1654ABFC2F9BC6D6009D69E8 /* WidgetKit.framework in Frameworks */ = {isa = PBXBuildFile; fileRef = 1654ABFB2F9BC6D6009D69E8 /* WidgetKit.framework */; };
		1654ABFE2F9BC6D6009D69E8 /* SwiftUI.framework in Frameworks */ = {isa = PBXBuildFile; fileRef = 1654ABFD2F9BC6D6009D69E8 /* SwiftUI.framework */; };
		1654AC0B2F9BC6D7009D69E8 /* Runshaw Bus WidgetExtension.appex in Embed Foundation Extensions */ = {isa = PBXBuildFile; fileRef = 1654ABF92F9BC6D6009D69E8 /* Runshaw Bus WidgetExtension.appex */; settings = {ATTRIBUTES = (RemoveHeadersOnCopy, ); }; };
		1654AC172F9BCAF3009D69E8 /* SwiftSoup in Frameworks */ = {isa = PBXBuildFile; productRef = 1654AC162F9BCAF3009D69E8 /* SwiftSoup */; };
/* End PBXBuildFile section */

/* Begin PBXContainerItemProxy section */
		1654ABA12F9BC58B009D69E8 /* PBXContainerItemProxy */ = {
			isa = PBXContainerItemProxy;
			containerPortal = 1654AB8B2F9BC58A009D69E8 /* Project object */;
			proxyType = 1;
			remoteGlobalIDString = 1654AB922F9BC58A009D69E8;
			remoteInfo = "Runshaw Bus";
		};
		1654ABAB2F9BC58B009D69E8 /* PBXContainerItemProxy */ = {
			isa = PBXContainerItemProxy;
			containerPortal = 1654AB8B2F9BC58A009D69E8 /* Project object */;
			proxyType = 1;
			remoteGlobalIDString = 1654AB922F9BC58A009D69E8;
			remoteInfo = "Runshaw Bus";
		};
		1654AC092F9BC6D7009D69E8 /* PBXContainerItemProxy */ = {
			isa = PBXContainerItemProxy;
			containerPortal = 1654AB8B2F9BC58A009D69E8 /* Project object */;
			proxyType = 1;
			remoteGlobalIDString = 1654ABF82F9BC6D6009D69E8;
			remoteInfo = "Runshaw Bus WidgetExtension";
		};
/* End PBXContainerItemProxy section */

/* Begin PBXCopyFilesBuildPhase section */
		1654AC102F9BC6D7009D69E8 /* Embed Foundation Extensions */ = {
			isa = PBXCopyFilesBuildPhase;
			buildActionMask = 2147483647;
			dstPath = "";
			dstSubfolderSpec = 13;
			files = (
				1654AC0B2F9BC6D7009D69E8 /* Runshaw Bus WidgetExtension.appex in Embed Foundation Extensions */,
			);
			name = "Embed Foundation Extensions";
			runOnlyForDeploymentPostprocessing = 0;
		};
/* End PBXCopyFilesBuildPhase section */

/* Begin PBXFileReference section */
		1654AB932F9BC58A009D69E8 /* Runshaw Bus.app */ = {isa = PBXFileReference; explicitFileType = wrapper.application; includeInIndex = 0; path = "Runshaw Bus.app"; sourceTree = BUILT_PRODUCTS_DIR; };
		1654ABA02F9BC58B009D69E8 /* Runshaw BusTests.xctest */ = {isa = PBXFileReference; explicitFileType = wrapper.cfbundle; includeInIndex = 0; path = "Runshaw BusTests.xctest"; sourceTree = BUILT_PRODUCTS_DIR; };
		1654ABAA2F9BC58B009D69E8 /* Runshaw BusUITests.xctest */ = {isa = PBXFileReference; explicitFileType = wrapper.cfbundle; includeInIndex = 0; path = "Runshaw BusUITests.xctest"; sourceTree = BUILT_PRODUCTS_DIR; };
		1654ABF92F9BC6D6009D69E8 /* Runshaw Bus WidgetExtension.appex */ = {isa = PBXFileReference; explicitFileType = "wrapper.app-extension"; includeInIndex = 0; path = "Runshaw Bus WidgetExtension.appex"; sourceTree = BUILT_PRODUCTS_DIR; };
		1654ABFB2F9BC6D6009D69E8 /* WidgetKit.framework */ = {isa = PBXFileReference; lastKnownFileType = wrapper.framework; name = WidgetKit.framework; path = System/Library/Frameworks/WidgetKit.framework; sourceTree = SDKROOT; };
		1654ABFD2F9BC6D6009D69E8 /* SwiftUI.framework */ = {isa = PBXFileReference; lastKnownFileType = wrapper.framework; name = SwiftUI.framework; path = System/Library/Frameworks/SwiftUI.framework; sourceTree = SDKROOT; };
/* End PBXFileReference section */

/* Begin PBXFileSystemSynchronizedBuildFileExceptionSet section */
		1654AC0C2F9BC6D7009D69E8 /* Exceptions for "Runshaw Bus Widget" folder in "Runshaw Bus WidgetExtension" target */ = {
			isa = PBXFileSystemSynchronizedBuildFileExceptionSet;
			membershipExceptions = (
				Info.plist,
			);
			target = 1654ABF82F9BC6D6009D69E8 /* Runshaw Bus WidgetExtension */;
		};
		1654AC1F2F9BD1DF009D69E8 /* Exceptions for "Runshaw Bus" folder in "Runshaw Bus WidgetExtension" target */ = {
			isa = PBXFileSystemSynchronizedBuildFileExceptionSet;
			membershipExceptions = (
				Shared/Bus.swift,
				Shared/BusActivityAttributes.swift,
				Shared/SharedStorage.swift,
			);
			target = 1654ABF82F9BC6D6009D69E8 /* Runshaw Bus WidgetExtension */;
		};
/* End PBXFileSystemSynchronizedBuildFileExceptionSet section */

/* Begin PBXFileSystemSynchronizedRootGroup section */
		1654AB952F9BC58A009D69E8 /* Runshaw Bus */ = {
			isa = PBXFileSystemSynchronizedRootGroup;
			exceptions = (
				1654AC1F2F9BD1DF009D69E8 /* Exceptions for "Runshaw Bus" folder in "Runshaw Bus WidgetExtension" target */,
			);
			path = "Runshaw Bus";
			sourceTree = "<group>";
		};
		1654ABA32F9BC58B009D69E8 /* Runshaw BusTests */ = {
			isa = PBXFileSystemSynchronizedRootGroup;
			path = "Runshaw BusTests";
			sourceTree = "<group>";
		};
		1654ABAD2F9BC58B009D69E8 /* Runshaw BusUITests */ = {
			isa = PBXFileSystemSynchronizedRootGroup;
			path = "Runshaw BusUITests";
			sourceTree = "<group>";
		};
		1654ABFF2F9BC6D6009D69E8 /* Runshaw Bus Widget */ = {
			isa = PBXFileSystemSynchronizedRootGroup;
			exceptions = (
				1654AC0C2F9BC6D7009D69E8 /* Exceptions for "Runshaw Bus Widget" folder in "Runshaw Bus WidgetExtension" target */,
			);
			path = "Runshaw Bus Widget";
			sourceTree = "<group>";
		};
/* End PBXFileSystemSynchronizedRootGroup section */

/* Begin PBXFrameworksBuildPhase section */
		1654AB902F9BC58A009D69E8 /* Frameworks */ = {
			isa = PBXFrameworksBuildPhase;
			buildActionMask = 2147483647;
			files = (
				1654AC172F9BCAF3009D69E8 /* SwiftSoup in Frameworks */,
			);
			runOnlyForDeploymentPostprocessing = 0;
		};
		1654AB9D2F9BC58B009D69E8 /* Frameworks */ = {
			isa = PBXFrameworksBuildPhase;
			buildActionMask = 2147483647;
			files = (
			);
			runOnlyForDeploymentPostprocessing = 0;
		};
		1654ABA72F9BC58B009D69E8 /* Frameworks */ = {
			isa = PBXFrameworksBuildPhase;
			buildActionMask = 2147483647;
			files = (
			);
			runOnlyForDeploymentPostprocessing = 0;
		};
		1654ABF62F9BC6D6009D69E8 /* Frameworks */ = {
			isa = PBXFrameworksBuildPhase;
			buildActionMask = 2147483647;
			files = (
				1654ABFE2F9BC6D6009D69E8 /* SwiftUI.framework in Frameworks */,
				1654ABFC2F9BC6D6009D69E8 /* WidgetKit.framework in Frameworks */,
			);
			runOnlyForDeploymentPostprocessing = 0;
		};
/* End PBXFrameworksBuildPhase section */

/* Begin PBXGroup section */
		1654AB8A2F9BC58A009D69E8 = {
			isa = PBXGroup;
			children = (
				1654AB952F9BC58A009D69E8 /* Runshaw Bus */,
				1654ABA32F9BC58B009D69E8 /* Runshaw BusTests */,
				1654ABAD2F9BC58B009D69E8 /* Runshaw BusUITests */,
				1654ABFF2F9BC6D6009D69E8 /* Runshaw Bus Widget */,
				1654ABFA2F9BC6D6009D69E8 /* Frameworks */,
				1654AB942F9BC58A009D69E8 /* Products */,
			);
			sourceTree = "<group>";
		};
		1654AB942F9BC58A009D69E8 /* Products */ = {
			isa = PBXGroup;
			children = (
				1654AB932F9BC58A009D69E8 /* Runshaw Bus.app */,
				1654ABA02F9BC58B009D69E8 /* Runshaw BusTests.xctest */,
				1654ABAA2F9BC58B009D69E8 /* Runshaw BusUITests.xctest */,
				1654ABF92F9BC6D6009D69E8 /* Runshaw Bus WidgetExtension.appex */,
			);
			name = Products;
			sourceTree = "<group>";
		};
		1654ABFA2F9BC6D6009D69E8 /* Frameworks */ = {
			isa = PBXGroup;
			children = (
				1654ABFB2F9BC6D6009D69E8 /* WidgetKit.framework */,
				1654ABFD2F9BC6D6009D69E8 /* SwiftUI.framework */,
			);
			name = Frameworks;
			sourceTree = "<group>";
		};
/* End PBXGroup section */

/* Begin PBXNativeTarget section */
		1654AB922F9BC58A009D69E8 /* Runshaw Bus */ = {
			isa = PBXNativeTarget;
			buildConfigurationList = 1654ABB42F9BC58B009D69E8 /* Build configuration list for PBXNativeTarget "Runshaw Bus" */;
			buildPhases = (
				1654AB8F2F9BC58A009D69E8 /* Sources */,
				1654AB902F9BC58A009D69E8 /* Frameworks */,
				1654AB912F9BC58A009D69E8 /* Resources */,
				1654AC102F9BC6D7009D69E8 /* Embed Foundation Extensions */,
			);
			buildRules = (
			);
			dependencies = (
				1654AC0A2F9BC6D7009D69E8 /* PBXTargetDependency */,
			);
			fileSystemSynchronizedGroups = (
				1654AB952F9BC58A009D69E8 /* Runshaw Bus */,
			);
			name = "Runshaw Bus";
			packageProductDependencies = (
				1654AC162F9BCAF3009D69E8 /* SwiftSoup */,
			);
			productName = "Runshaw Bus";
			productReference = 1654AB932F9BC58A009D69E8 /* Runshaw Bus.app */;
			productType = "com.apple.product-type.application";
		};
		1654AB9F2F9BC58B009D69E8 /* Runshaw BusTests */ = {
			isa = PBXNativeTarget;
			buildConfigurationList = 1654ABB72F9BC58B009D69E8 /* Build configuration list for PBXNativeTarget "Runshaw BusTests" */;
			buildPhases = (
				1654AB9C2F9BC58B009D69E8 /* Sources */,
				1654AB9D2F9BC58B009D69E8 /* Frameworks */,
				1654AB9E2F9BC58B009D69E8 /* Resources */,
			);
			buildRules = (
			);
			dependencies = (
				1654ABA22F9BC58B009D69E8 /* PBXTargetDependency */,
			);
			fileSystemSynchronizedGroups = (
				1654ABA32F9BC58B009D69E8 /* Runshaw BusTests */,
			);
			name = "Runshaw BusTests";
			packageProductDependencies = (
			);
			productName = "Runshaw BusTests";
			productReference = 1654ABA02F9BC58B009D69E8 /* Runshaw BusTests.xctest */;
			productType = "com.apple.product-type.bundle.unit-test";
		};
		1654ABA92F9BC58B009D69E8 /* Runshaw BusUITests */ = {
			isa = PBXNativeTarget;
			buildConfigurationList = 1654ABBA2F9BC58B009D69E8 /* Build configuration list for PBXNativeTarget "Runshaw BusUITests" */;
			buildPhases = (
				1654ABA62F9BC58B009D69E8 /* Sources */,
				1654ABA72F9BC58B009D69E8 /* Frameworks */,
				1654ABA82F9BC58B009D69E8 /* Resources */,
			);
			buildRules = (
			);
			dependencies = (
				1654ABAC2F9BC58B009D69E8 /* PBXTargetDependency */,
			);
			fileSystemSynchronizedGroups = (
				1654ABAD2F9BC58B009D69E8 /* Runshaw BusUITests */,
			);
			name = "Runshaw BusUITests";
			packageProductDependencies = (
			);
			productName = "Runshaw BusUITests";
			productReference = 1654ABAA2F9BC58B009D69E8 /* Runshaw BusUITests.xctest */;
			productType = "com.apple.product-type.bundle.ui-testing";
		};
		1654ABF82F9BC6D6009D69E8 /* Runshaw Bus WidgetExtension */ = {
			isa = PBXNativeTarget;
			buildConfigurationList = 1654AC0D2F9BC6D7009D69E8 /* Build configuration list for PBXNativeTarget "Runshaw Bus WidgetExtension" */;
			buildPhases = (
				1654ABF52F9BC6D6009D69E8 /* Sources */,
				1654ABF62F9BC6D6009D69E8 /* Frameworks */,
				1654ABF72F9BC6D6009D69E8 /* Resources */,
			);
			buildRules = (
			);
			dependencies = (
			);
			fileSystemSynchronizedGroups = (
				1654ABFF2F9BC6D6009D69E8 /* Runshaw Bus Widget */,
			);
			name = "Runshaw Bus WidgetExtension";
			packageProductDependencies = (
			);
			productName = "Runshaw Bus WidgetExtension";
			productReference = 1654ABF92F9BC6D6009D69E8 /* Runshaw Bus WidgetExtension.appex */;
			productType = "com.apple.product-type.app-extension";
		};
/* End PBXNativeTarget section */

/* Begin PBXProject section */
		1654AB8B2F9BC58A009D69E8 /* Project object */ = {
			isa = PBXProject;
			attributes = {
				BuildIndependentTargetsInParallel = 1;
				LastSwiftUpdateCheck = 2640;
				LastUpgradeCheck = 2640;
				TargetAttributes = {
					1654AB922F9BC58A009D69E8 = {
						CreatedOnToolsVersion = 26.4.1;
					};
					1654AB9F2F9BC58B009D69E8 = {
						CreatedOnToolsVersion = 26.4.1;
						TestTargetID = 1654AB922F9BC58A009D69E8;
					};
					1654ABA92F9BC58B009D69E8 = {
						CreatedOnToolsVersion = 26.4.1;
						TestTargetID = 1654AB922F9BC58A009D69E8;
					};
					1654ABF82F9BC6D6009D69E8 = {
						CreatedOnToolsVersion = 26.4.1;
					};
				};
			};
			buildConfigurationList = 1654AB8E2F9BC58A009D69E8 /* Build configuration list for PBXProject "Runshaw Bus" */;
			developmentRegion = en;
			hasScannedForEncodings = 0;
			knownRegions = (
				en,
				Base,
			);
			mainGroup = 1654AB8A2F9BC58A009D69E8;
			minimizedProjectReferenceProxies = 1;
			packageReferences = (
				1654AC132F9BC765009D69E8 /* XCRemoteSwiftPackageReference "SwiftSoup" */,
			);
			preferredProjectObjectVersion = 77;
			productRefGroup = 1654AB942F9BC58A009D69E8 /* Products */;
			projectDirPath = "";
			projectRoot = "";
			targets = (
				1654AB922F9BC58A009D69E8 /* Runshaw Bus */,
				1654AB9F2F9BC58B009D69E8 /* Runshaw BusTests */,
				1654ABA92F9BC58B009D69E8 /* Runshaw BusUITests */,
				1654ABF82F9BC6D6009D69E8 /* Runshaw Bus WidgetExtension */,
			);
		};
/* End PBXProject section */

/* Begin PBXResourcesBuildPhase section */
		1654AB912F9BC58A009D69E8 /* Resources */ = {
			isa = PBXResourcesBuildPhase;
			buildActionMask = 2147483647;
			files = (
			);
			runOnlyForDeploymentPostprocessing = 0;
		};
		1654AB9E2F9BC58B009D69E8 /* Resources */ = {
			isa = PBXResourcesBuildPhase;
			buildActionMask = 2147483647;
			files = (
			);
			runOnlyForDeploymentPostprocessing = 0;
		};
		1654ABA82F9BC58B009D69E8 /* Resources */ = {
			isa = PBXResourcesBuildPhase;
			buildActionMask = 2147483647;
			files = (
			);
			runOnlyForDeploymentPostprocessing = 0;
		};
		1654ABF72F9BC6D6009D69E8 /* Resources */ = {
			isa = PBXResourcesBuildPhase;
			buildActionMask = 2147483647;
			files = (
			);
			runOnlyForDeploymentPostprocessing = 0;
		};
/* End PBXResourcesBuildPhase section */

/* Begin PBXSourcesBuildPhase section */
		1654AB8F2F9BC58A009D69E8 /* Sources */ = {
			isa = PBXSourcesBuildPhase;
			buildActionMask = 2147483647;
			files = (
			);
			runOnlyForDeploymentPostprocessing = 0;
		};
		1654AB9C2F9BC58B009D69E8 /* Sources */ = {
			isa = PBXSourcesBuildPhase;
			buildActionMask = 2147483647;
			files = (
			);
			runOnlyForDeploymentPostprocessing = 0;
		};
		1654ABA62F9BC58B009D69E8 /* Sources */ = {
			isa = PBXSourcesBuildPhase;
			buildActionMask = 2147483647;
			files = (
			);
			runOnlyForDeploymentPostprocessing = 0;
		};
		1654ABF52F9BC6D6009D69E8 /* Sources */ = {
			isa = PBXSourcesBuildPhase;
			buildActionMask = 2147483647;
			files = (
			);
			runOnlyForDeploymentPostprocessing = 0;
		};
/* End PBXSourcesBuildPhase section */

/* Begin PBXTargetDependency section */
		1654ABA22F9BC58B009D69E8 /* PBXTargetDependency */ = {
			isa = PBXTargetDependency;
			target = 1654AB922F9BC58A009D69E8 /* Runshaw Bus */;
			targetProxy = 1654ABA12F9BC58B009D69E8 /* PBXContainerItemProxy */;
		};
		1654ABAC2F9BC58B009D69E8 /* PBXTargetDependency */ = {
			isa = PBXTargetDependency;
			target = 1654AB922F9BC58A009D69E8 /* Runshaw Bus */;
			targetProxy = 1654ABAB2F9BC58B009D69E8 /* PBXContainerItemProxy */;
		};
		1654AC0A2F9BC6D7009D69E8 /* PBXTargetDependency */ = {
			isa = PBXTargetDependency;
			target = 1654ABF82F9BC6D6009D69E8 /* Runshaw Bus WidgetExtension */;
			targetProxy = 1654AC092F9BC6D7009D69E8 /* PBXContainerItemProxy */;
		};
/* End PBXTargetDependency section */

/* Begin XCBuildConfiguration section */
		1654ABB22F9BC58B009D69E8 /* Debug */ = {
			isa = XCBuildConfiguration;
			buildSettings = {
				ALWAYS_SEARCH_USER_PATHS = NO;
				ASSETCATALOG_COMPILER_GENERATE_SWIFT_ASSET_SYMBOL_EXTENSIONS = YES;
				CLANG_ANALYZER_NONNULL = YES;
				CLANG_ANALYZER_NUMBER_OBJECT_CONVERSION = YES_AGGRESSIVE;
				CLANG_CXX_LANGUAGE_STANDARD = "gnu++20";
				CLANG_ENABLE_MODULES = YES;
				CLANG_ENABLE_OBJC_ARC = YES;
				CLANG_ENABLE_OBJC_WEAK = YES;
				CLANG_WARN_BLOCK_CAPTURE_AUTORELEASING = YES;
				CLANG_WARN_BOOL_CONVERSION = YES;
				CLANG_WARN_COMMA = YES;
				CLANG_WARN_CONSTANT_CONVERSION = YES;
				CLANG_WARN_DEPRECATED_OBJC_IMPLEMENTATIONS = YES;
				CLANG_WARN_DIRECT_OBJC_ISA_USAGE = YES_ERROR;
				CLANG_WARN_DOCUMENTATION_COMMENTS = YES;
				CLANG_WARN_EMPTY_BODY = YES;
				CLANG_WARN_ENUM_CONVERSION = YES;
				CLANG_WARN_INFINITE_RECURSION = YES;
				CLANG_WARN_INT_CONVERSION = YES;
				CLANG_WARN_NON_LITERAL_NULL_CONVERSION = YES;
				CLANG_WARN_OBJC_IMPLICIT_RETAIN_SELF = YES;
				CLANG_WARN_OBJC_LITERAL_CONVERSION = YES;
				CLANG_WARN_OBJC_ROOT_CLASS = YES_ERROR;
				CLANG_WARN_QUOTED_INCLUDE_IN_FRAMEWORK_HEADER = YES;
				CLANG_WARN_RANGE_LOOP_ANALYSIS = YES;
				CLANG_WARN_STRICT_PROTOTYPES = YES;
				CLANG_WARN_SUSPICIOUS_MOVE = YES;
				CLANG_WARN_UNGUARDED_AVAILABILITY = YES_AGGRESSIVE;
				CLANG_WARN_UNREACHABLE_CODE = YES;
				CLANG_WARN__DUPLICATE_METHOD_MATCH = YES;
				COPY_PHASE_STRIP = NO;
				DEBUG_INFORMATION_FORMAT = dwarf;
				DEVELOPMENT_TEAM = L4D3B7X92S;
				ENABLE_STRICT_OBJC_MSGSEND = YES;
				ENABLE_TESTABILITY = YES;
				ENABLE_USER_SCRIPT_SANDBOXING = YES;
				GCC_C_LANGUAGE_STANDARD = gnu17;
				GCC_DYNAMIC_NO_PIC = NO;
				GCC_NO_COMMON_BLOCKS = YES;
				GCC_OPTIMIZATION_LEVEL = 0;
				GCC_PREPROCESSOR_DEFINITIONS = (
					"DEBUG=1",
					"$(inherited)",
				);
				GCC_WARN_64_TO_32_BIT_CONVERSION = YES;
				GCC_WARN_ABOUT_RETURN_TYPE = YES_ERROR;
				GCC_WARN_UNDECLARED_SELECTOR = YES;
				GCC_WARN_UNINITIALIZED_AUTOS = YES_AGGRESSIVE;
				GCC_WARN_UNUSED_FUNCTION = YES;
				GCC_WARN_UNUSED_VARIABLE = YES;
				IPHONEOS_DEPLOYMENT_TARGET = 26.4;
				LOCALIZATION_PREFERS_STRING_CATALOGS = YES;
				MTL_ENABLE_DEBUG_INFO = INCLUDE_SOURCE;
				MTL_FAST_MATH = YES;
				ONLY_ACTIVE_ARCH = YES;
				SDKROOT = iphoneos;
				SWIFT_ACTIVE_COMPILATION_CONDITIONS = "DEBUG $(inherited)";
				SWIFT_OPTIMIZATION_LEVEL = "-Onone";
			};
			name = Debug;
		};
		1654ABB32F9BC58B009D69E8 /* Release */ = {
			isa = XCBuildConfiguration;
			buildSettings = {
				ALWAYS_SEARCH_USER_PATHS = NO;
				ASSETCATALOG_COMPILER_GENERATE_SWIFT_ASSET_SYMBOL_EXTENSIONS = YES;
				CLANG_ANALYZER_NONNULL = YES;
				CLANG_ANALYZER_NUMBER_OBJECT_CONVERSION = YES_AGGRESSIVE;
				CLANG_CXX_LANGUAGE_STANDARD = "gnu++20";
				CLANG_ENABLE_MODULES = YES;
				CLANG_ENABLE_OBJC_ARC = YES;
				CLANG_ENABLE_OBJC_WEAK = YES;
				CLANG_WARN_BLOCK_CAPTURE_AUTORELEASING = YES;
				CLANG_WARN_BOOL_CONVERSION = YES;
				CLANG_WARN_COMMA = YES;
				CLANG_WARN_CONSTANT_CONVERSION = YES;
				CLANG_WARN_DEPRECATED_OBJC_IMPLEMENTATIONS = YES;
				CLANG_WARN_DIRECT_OBJC_ISA_USAGE = YES_ERROR;
				CLANG_WARN_DOCUMENTATION_COMMENTS = YES;
				CLANG_WARN_EMPTY_BODY = YES;
				CLANG_WARN_ENUM_CONVERSION = YES;
				CLANG_WARN_INFINITE_RECURSION = YES;
				CLANG_WARN_INT_CONVERSION = YES;
				CLANG_WARN_NON_LITERAL_NULL_CONVERSION = YES;
				CLANG_WARN_OBJC_IMPLICIT_RETAIN_SELF = YES;
				CLANG_WARN_OBJC_LITERAL_CONVERSION = YES;
				CLANG_WARN_OBJC_ROOT_CLASS = YES_ERROR;
				CLANG_WARN_QUOTED_INCLUDE_IN_FRAMEWORK_HEADER = YES;
				CLANG_WARN_RANGE_LOOP_ANALYSIS = YES;
				CLANG_WARN_STRICT_PROTOTYPES = YES;
				CLANG_WARN_SUSPICIOUS_MOVE = YES;
				CLANG_WARN_UNGUARDED_AVAILABILITY = YES_AGGRESSIVE;
				CLANG_WARN_UNREACHABLE_CODE = YES;
				CLANG_WARN__DUPLICATE_METHOD_MATCH = YES;
				COPY_PHASE_STRIP = NO;
				DEBUG_INFORMATION_FORMAT = "dwarf-with-dsym";
				DEVELOPMENT_TEAM = L4D3B7X92S;
				ENABLE_NS_ASSERTIONS = NO;
				ENABLE_STRICT_OBJC_MSGSEND = YES;
				ENABLE_USER_SCRIPT_SANDBOXING = YES;
				GCC_C_LANGUAGE_STANDARD = gnu17;
				GCC_NO_COMMON_BLOCKS = YES;
				GCC_WARN_64_TO_32_BIT_CONVERSION = YES;
				GCC_WARN_ABOUT_RETURN_TYPE = YES_ERROR;
				GCC_WARN_UNDECLARED_SELECTOR = YES;
				GCC_WARN_UNINITIALIZED_AUTOS = YES_AGGRESSIVE;
				GCC_WARN_UNUSED_FUNCTION = YES;
				GCC_WARN_UNUSED_VARIABLE = YES;
				IPHONEOS_DEPLOYMENT_TARGET = 26.4;
				LOCALIZATION_PREFERS_STRING_CATALOGS = YES;
				MTL_ENABLE_DEBUG_INFO = NO;
				MTL_FAST_MATH = YES;
				SDKROOT = iphoneos;
				SWIFT_COMPILATION_MODE = wholemodule;
				VALIDATE_PRODUCT = YES;
			};
			name = Release;
		};
		1654ABB52F9BC58B009D69E8 /* Debug */ = {
			isa = XCBuildConfiguration;
			buildSettings = {
				ASSETCATALOG_COMPILER_APPICON_NAME = AppIcon;
				ASSETCATALOG_COMPILER_GLOBAL_ACCENT_COLOR_NAME = AccentColor;
				CODE_SIGN_STYLE = Automatic;
				CURRENT_PROJECT_VERSION = 2;
				DEVELOPMENT_TEAM = L4D3B7X92S;
				ENABLE_PREVIEWS = YES;
				GENERATE_INFOPLIST_FILE = YES;
				INFOPLIST_KEY_LSApplicationCategoryType = "public.app-category.utilities";
				INFOPLIST_KEY_UIApplicationSceneManifest_Generation = YES;
				INFOPLIST_KEY_UIApplicationSupportsIndirectInputEvents = YES;
				INFOPLIST_KEY_UILaunchScreen_Generation = YES;
				INFOPLIST_KEY_UISupportedInterfaceOrientations = UIInterfaceOrientationPortrait;
				INFOPLIST_KEY_UISupportedInterfaceOrientations_iPad = "UIInterfaceOrientationLandscapeLeft UIInterfaceOrientationLandscapeRight UIInterfaceOrientationPortrait UIInterfaceOrientationPortraitUpsideDown";
				IPHONEOS_DEPLOYMENT_TARGET = 26.0;
				LD_RUNPATH_SEARCH_PATHS = (
					"$(inherited)",
					"@executable_path/Frameworks",
				);
				MARKETING_VERSION = 1.0;
				PRODUCT_BUNDLE_IDENTIFIER = "com.konpeki.Runshaw-Bus";
				PRODUCT_NAME = "$(TARGET_NAME)";
				STRING_CATALOG_GENERATE_SYMBOLS = YES;
				SUPPORTED_PLATFORMS = "iphoneos iphonesimulator";
				SUPPORTS_MACCATALYST = NO;
				SUPPORTS_MAC_DESIGNED_FOR_IPHONE_IPAD = NO;
				SUPPORTS_XR_DESIGNED_FOR_IPHONE_IPAD = NO;
				SWIFT_APPROACHABLE_CONCURRENCY = YES;
				SWIFT_DEFAULT_ACTOR_ISOLATION = MainActor;
				SWIFT_EMIT_LOC_STRINGS = YES;
				SWIFT_UPCOMING_FEATURE_MEMBER_IMPORT_VISIBILITY = YES;
				SWIFT_VERSION = 5.0;
				TARGETED_DEVICE_FAMILY = 1;
			};
			name = Debug;
		};
		1654ABB62F9BC58B009D69E8 /* Release */ = {
			isa = XCBuildConfiguration;
			buildSettings = {
				ASSETCATALOG_COMPILER_APPICON_NAME = AppIcon;
				ASSETCATALOG_COMPILER_GLOBAL_ACCENT_COLOR_NAME = AccentColor;
				CODE_SIGN_STYLE = Automatic;
				CURRENT_PROJECT_VERSION = 2;
				DEVELOPMENT_TEAM = L4D3B7X92S;
				ENABLE_PREVIEWS = YES;
				GENERATE_INFOPLIST_FILE = YES;
				INFOPLIST_KEY_LSApplicationCategoryType = "public.app-category.utilities";
				INFOPLIST_KEY_UIApplicationSceneManifest_Generation = YES;
				INFOPLIST_KEY_UIApplicationSupportsIndirectInputEvents = YES;
				INFOPLIST_KEY_UILaunchScreen_Generation = YES;
				INFOPLIST_KEY_UISupportedInterfaceOrientations = UIInterfaceOrientationPortrait;
				INFOPLIST_KEY_UISupportedInterfaceOrientations_iPad = "UIInterfaceOrientationLandscapeLeft UIInterfaceOrientationLandscapeRight UIInterfaceOrientationPortrait UIInterfaceOrientationPortraitUpsideDown";
				IPHONEOS_DEPLOYMENT_TARGET = 26.0;
				LD_RUNPATH_SEARCH_PATHS = (
					"$(inherited)",
					"@executable_path/Frameworks",
				);
				MARKETING_VERSION = 1.0;
				PRODUCT_BUNDLE_IDENTIFIER = "com.konpeki.Runshaw-Bus";
				PRODUCT_NAME = "$(TARGET_NAME)";
				STRING_CATALOG_GENERATE_SYMBOLS = YES;
				SUPPORTED_PLATFORMS = "iphoneos iphonesimulator";
				SUPPORTS_MACCATALYST = NO;
				SUPPORTS_MAC_DESIGNED_FOR_IPHONE_IPAD = NO;
				SUPPORTS_XR_DESIGNED_FOR_IPHONE_IPAD = NO;
				SWIFT_APPROACHABLE_CONCURRENCY = YES;
				SWIFT_DEFAULT_ACTOR_ISOLATION = MainActor;
				SWIFT_EMIT_LOC_STRINGS = YES;
				SWIFT_UPCOMING_FEATURE_MEMBER_IMPORT_VISIBILITY = YES;
				SWIFT_VERSION = 5.0;
				TARGETED_DEVICE_FAMILY = 1;
			};
			name = Release;
		};
		1654ABB82F9BC58B009D69E8 /* Debug */ = {
			isa = XCBuildConfiguration;
			buildSettings = {
				BUNDLE_LOADER = "$(TEST_HOST)";
				CODE_SIGN_STYLE = Automatic;
				CURRENT_PROJECT_VERSION = 1;
				DEVELOPMENT_TEAM = L4D3B7X92S;
				GENERATE_INFOPLIST_FILE = YES;
				IPHONEOS_DEPLOYMENT_TARGET = 26.4;
				MARKETING_VERSION = 1.0;
				PRODUCT_BUNDLE_IDENTIFIER = "com.konpeki.Runshaw-BusTests";
				PRODUCT_NAME = "$(TARGET_NAME)";
				STRING_CATALOG_GENERATE_SYMBOLS = NO;
				SWIFT_APPROACHABLE_CONCURRENCY = YES;
				SWIFT_EMIT_LOC_STRINGS = NO;
				SWIFT_UPCOMING_FEATURE_MEMBER_IMPORT_VISIBILITY = YES;
				SWIFT_VERSION = 5.0;
				TARGETED_DEVICE_FAMILY = "1,2";
				TEST_HOST = "$(BUILT_PRODUCTS_DIR)/Runshaw Bus.app/$(BUNDLE_EXECUTABLE_FOLDER_PATH)/Runshaw Bus";
			};
			name = Debug;
		};
		1654ABB92F9BC58B009D69E8 /* Release */ = {
			isa = XCBuildConfiguration;
			buildSettings = {
				BUNDLE_LOADER = "$(TEST_HOST)";
				CODE_SIGN_STYLE = Automatic;
				CURRENT_PROJECT_VERSION = 1;
				DEVELOPMENT_TEAM = L4D3B7X92S;
				GENERATE_INFOPLIST_FILE = YES;
				IPHONEOS_DEPLOYMENT_TARGET = 26.4;
				MARKETING_VERSION = 1.0;
				PRODUCT_BUNDLE_IDENTIFIER = "com.konpeki.Runshaw-BusTests";
				PRODUCT_NAME = "$(TARGET_NAME)";
				STRING_CATALOG_GENERATE_SYMBOLS = NO;
				SWIFT_APPROACHABLE_CONCURRENCY = YES;
				SWIFT_EMIT_LOC_STRINGS = NO;
				SWIFT_UPCOMING_FEATURE_MEMBER_IMPORT_VISIBILITY = YES;
				SWIFT_VERSION = 5.0;
				TARGETED_DEVICE_FAMILY = "1,2";
				TEST_HOST = "$(BUILT_PRODUCTS_DIR)/Runshaw Bus.app/$(BUNDLE_EXECUTABLE_FOLDER_PATH)/Runshaw Bus";
			};
			name = Release;
		};
		1654ABBB2F9BC58B009D69E8 /* Debug */ = {
			isa = XCBuildConfiguration;
			buildSettings = {
				CODE_SIGN_STYLE = Automatic;
				CURRENT_PROJECT_VERSION = 1;
				DEVELOPMENT_TEAM = L4D3B7X92S;
				GENERATE_INFOPLIST_FILE = YES;
				MARKETING_VERSION = 1.0;
				PRODUCT_BUNDLE_IDENTIFIER = "com.konpeki.Runshaw-BusUITests";
				PRODUCT_NAME = "$(TARGET_NAME)";
				STRING_CATALOG_GENERATE_SYMBOLS = NO;
				SWIFT_APPROACHABLE_CONCURRENCY = YES;
				SWIFT_EMIT_LOC_STRINGS = NO;
				SWIFT_UPCOMING_FEATURE_MEMBER_IMPORT_VISIBILITY = YES;
				SWIFT_VERSION = 5.0;
				TARGETED_DEVICE_FAMILY = "1,2";
				TEST_TARGET_NAME = "Runshaw Bus";
			};
			name = Debug;
		};
		1654ABBC2F9BC58B009D69E8 /* Release */ = {
			isa = XCBuildConfiguration;
			buildSettings = {
				CODE_SIGN_STYLE = Automatic;
				CURRENT_PROJECT_VERSION = 1;
				DEVELOPMENT_TEAM = L4D3B7X92S;
				GENERATE_INFOPLIST_FILE = YES;
				MARKETING_VERSION = 1.0;
				PRODUCT_BUNDLE_IDENTIFIER = "com.konpeki.Runshaw-BusUITests";
				PRODUCT_NAME = "$(TARGET_NAME)";
				STRING_CATALOG_GENERATE_SYMBOLS = NO;
				SWIFT_APPROACHABLE_CONCURRENCY = YES;
				SWIFT_EMIT_LOC_STRINGS = NO;
				SWIFT_UPCOMING_FEATURE_MEMBER_IMPORT_VISIBILITY = YES;
				SWIFT_VERSION = 5.0;
				TARGETED_DEVICE_FAMILY = "1,2";
				TEST_TARGET_NAME = "Runshaw Bus";
			};
			name = Release;
		};
		1654AC0E2F9BC6D7009D69E8 /* Debug */ = {
			isa = XCBuildConfiguration;
			buildSettings = {
				ASSETCATALOG_COMPILER_GLOBAL_ACCENT_COLOR_NAME = AccentColor;
				ASSETCATALOG_COMPILER_WIDGET_BACKGROUND_COLOR_NAME = WidgetBackground;
				CODE_SIGN_STYLE = Automatic;
				CURRENT_PROJECT_VERSION = 1;
				DEVELOPMENT_TEAM = L4D3B7X92S;
				GENERATE_INFOPLIST_FILE = YES;
				INFOPLIST_FILE = "Runshaw Bus Widget/Info.plist";
				INFOPLIST_KEY_CFBundleDisplayName = "Runshaw Bus Widget";
				INFOPLIST_KEY_NSHumanReadableCopyright = "";
				LD_RUNPATH_SEARCH_PATHS = (
					"$(inherited)",
					"@executable_path/Frameworks",
					"@executable_path/../../Frameworks",
				);
				MARKETING_VERSION = 1.0;
				PRODUCT_BUNDLE_IDENTIFIER = "com.konpeki.Runshaw-Bus.Runshaw-Bus-Widget";
				PRODUCT_NAME = "$(TARGET_NAME)";
				SKIP_INSTALL = YES;
				STRING_CATALOG_GENERATE_SYMBOLS = YES;
				SWIFT_APPROACHABLE_CONCURRENCY = YES;
				SWIFT_EMIT_LOC_STRINGS = YES;
				SWIFT_UPCOMING_FEATURE_MEMBER_IMPORT_VISIBILITY = YES;
				SWIFT_VERSION = 5.0;
				TARGETED_DEVICE_FAMILY = "1,2";
			};
			name = Debug;
		};
		1654AC0F2F9BC6D7009D69E8 /* Release */ = {
			isa = XCBuildConfiguration;
			buildSettings = {
				ASSETCATALOG_COMPILER_GLOBAL_ACCENT_COLOR_NAME = AccentColor;
				ASSETCATALOG_COMPILER_WIDGET_BACKGROUND_COLOR_NAME = WidgetBackground;
				CODE_SIGN_STYLE = Automatic;
				CURRENT_PROJECT_VERSION = 1;
				DEVELOPMENT_TEAM = L4D3B7X92S;
				GENERATE_INFOPLIST_FILE = YES;
				INFOPLIST_FILE = "Runshaw Bus Widget/Info.plist";
				INFOPLIST_KEY_CFBundleDisplayName = "Runshaw Bus Widget";
				INFOPLIST_KEY_NSHumanReadableCopyright = "";
				LD_RUNPATH_SEARCH_PATHS = (
					"$(inherited)",
					"@executable_path/Frameworks",
					"@executable_path/../../Frameworks",
				);
				MARKETING_VERSION = 1.0;
				PRODUCT_BUNDLE_IDENTIFIER = "com.konpeki.Runshaw-Bus.Runshaw-Bus-Widget";
				PRODUCT_NAME = "$(TARGET_NAME)";
				SKIP_INSTALL = YES;
				STRING_CATALOG_GENERATE_SYMBOLS = YES;
				SWIFT_APPROACHABLE_CONCURRENCY = YES;
				SWIFT_EMIT_LOC_STRINGS = YES;
				SWIFT_UPCOMING_FEATURE_MEMBER_IMPORT_VISIBILITY = YES;
				SWIFT_VERSION = 5.0;
				TARGETED_DEVICE_FAMILY = "1,2";
			};
			name = Release;
		};
/* End XCBuildConfiguration section */

/* Begin XCConfigurationList section */
		1654AB8E2F9BC58A009D69E8 /* Build configuration list for PBXProject "Runshaw Bus" */ = {
			isa = XCConfigurationList;
			buildConfigurations = (
				1654ABB22F9BC58B009D69E8 /* Debug */,
				1654ABB32F9BC58B009D69E8 /* Release */,
			);
			defaultConfigurationIsVisible = 0;
			defaultConfigurationName = Release;
		};
		1654ABB42F9BC58B009D69E8 /* Build configuration list for PBXNativeTarget "Runshaw Bus" */ = {
			isa = XCConfigurationList;
			buildConfigurations = (
				1654ABB52F9BC58B009D69E8 /* Debug */,
				1654ABB62F9BC58B009D69E8 /* Release */,
			);
			defaultConfigurationIsVisible = 0;
			defaultConfigurationName = Release;
		};
		1654ABB72F9BC58B009D69E8 /* Build configuration list for PBXNativeTarget "Runshaw BusTests" */ = {
			isa = XCConfigurationList;
			buildConfigurations = (
				1654ABB82F9BC58B009D69E8 /* Debug */,
				1654ABB92F9BC58B009D69E8 /* Release */,
			);
			defaultConfigurationIsVisible = 0;
			defaultConfigurationName = Release;
		};
		1654ABBA2F9BC58B009D69E8 /* Build configuration list for PBXNativeTarget "Runshaw BusUITests" */ = {
			isa = XCConfigurationList;
			buildConfigurations = (
				1654ABBB2F9BC58B009D69E8 /* Debug */,
				1654ABBC2F9BC58B009D69E8 /* Release */,
			);
			defaultConfigurationIsVisible = 0;
			defaultConfigurationName = Release;
		};
		1654AC0D2F9BC6D7009D69E8 /* Build configuration list for PBXNativeTarget "Runshaw Bus WidgetExtension" */ = {
			isa = XCConfigurationList;
			buildConfigurations = (
				1654AC0E2F9BC6D7009D69E8 /* Debug */,
				1654AC0F2F9BC6D7009D69E8 /* Release */,
			);
			defaultConfigurationIsVisible = 0;
			defaultConfigurationName = Release;
		};
/* End XCConfigurationList section */

/* Begin XCRemoteSwiftPackageReference section */
		1654AC132F9BC765009D69E8 /* XCRemoteSwiftPackageReference "SwiftSoup" */ = {
			isa = XCRemoteSwiftPackageReference;
			repositoryURL = "https://github.com/scinfu/SwiftSoup";
			requirement = {
				kind = upToNextMajorVersion;
				minimumVersion = 2.13.4;
			};
		};
/* End XCRemoteSwiftPackageReference section */

/* Begin XCSwiftPackageProductDependency section */
		1654AC162F9BCAF3009D69E8 /* SwiftSoup */ = {
			isa = XCSwiftPackageProductDependency;
			package = 1654AC132F9BC765009D69E8 /* XCRemoteSwiftPackageReference "SwiftSoup" */;
			productName = SwiftSoup;
		};
/* End XCSwiftPackageProductDependency section */
	};
	rootObject = 1654AB8B2F9BC58A009D69E8 /* Project object */;
}
